PODS:
  - ReactiveCocoa (5.0.0-rc.1):
    - ReactiveSwift (~> 1.0.0-rc.3)
  - ReactiveSwift (1.0.0):
    - Result (~> 3.1)
  - Result (3.1.0)

DEPENDENCIES:
  - ReactiveCocoa (= 5.0.0-rc.1)

SPEC CHECKSUMS:
  ReactiveCocoa: 3e9cad4b77fa199d41e03f603cb55d0701ad6ad8
  ReactiveSwift: f391724ee318a2cfd3e37dfb041cd49ecf4e7869
  Result: 4e3ed5995ed94d0cd6a09be9a431fce3f3624bbf

PODFILE CHECKSUM: 86e971da94aed19c878ebc37b165eb0a466d2fcf

COCOAPODS: 1.1.1
